
Microsoft Visual Studio Solution File, Format Version 12.00
# Visual Studio 14
VisualStudioVersion = 14.0.25420.1
MinimumVisualStudioVersion = 10.0.40219.1
Project("{FAE04EC0-301F-11D3-BF4B-00C04F79EFBC}") = "DataAccessLayer", "DataAccessLayer\DataAccessLayer.csproj", "{D3BAD368-B251-4B5D-8B22-9B819167AC18}"
EndProject
Project("{FAE04EC0-301F-11D3-BF4B-00C04F79EFBC}") = "ConsoleAppTester", "ConsoleAppTester\ConsoleAppTester.csproj", "{8FC60BC5-3D17-4440-9DF6-720FECB00C2F}"
EndProject
Project("{FAE04EC0-301F-11D3-BF4B-00C04F79EFBC}") = "PresentationLayer", "PresentationLayer\PresentationLayer.csproj", "{39F9132F-9FB8-4BB1-A737-0D6A73971422}"
EndProject
Global
	GlobalSection(SolutionConfigurationPlatforms) = preSolution
		Debug|Any CPU = Debug|Any CPU
		Release|Any CPU = Release|Any CPU
	EndGlobalSection
	GlobalSection(ProjectConfigurationPlatforms) = postSolution
		{D3BAD368-B251-4B5D-8B22-9B819167AC18}.Debug|Any CPU.ActiveCfg = Debug|Any CPU
		{D3BAD368-B251-4B5D-8B22-9B819167AC18}.Debug|Any CPU.Build.0 = Debug|Any CPU
		{D3BAD368-B251-4B5D-8B22-9B819167AC18}.Release|Any CPU.ActiveCfg = Release|Any CPU
		{D3BAD368-B251-4B5D-8B22-9B819167AC18}.Release|Any CPU.Build.0 = Release|Any CPU
		{8FC60BC5-3D17-4440-9DF6-720FECB00C2F}.Debug|Any CPU.ActiveCfg = Debug|Any CPU
		{8FC60BC5-3D17-4440-9DF6-720FECB00C2F}.Debug|Any CPU.Build.0 = Debug|Any CPU
		{8FC60BC5-3D17-4440-9DF6-720FECB00C2F}.Release|Any CPU.ActiveCfg = Release|Any CPU
		{8FC60BC5-3D17-4440-9DF6-720FECB00C2F}.Release|Any CPU.Build.0 = Release|Any CPU
		{39F9132F-9FB8-4BB1-A737-0D6A73971422}.Debug|Any CPU.ActiveCfg = Debug|Any CPU
		{39F9132F-9FB8-4BB1-A737-0D6A73971422}.Debug|Any CPU.Build.0 = Debug|Any CPU
		{39F9132F-9FB8-4BB1-A737-0D6A73971422}.Release|Any CPU.ActiveCfg = Release|Any CPU
		{39F9132F-9FB8-4BB1-A737-0D6A73971422}.Release|Any CPU.Build.0 = Release|Any CPU
	EndGlobalSection
	GlobalSection(SolutionProperties) = preSolution
		HideSolutionNode = FALSE
	EndGlobalSection
EndGlobal
